# This file is autogenerated, do not edit; changes may be undone by the next 'dep ensure'.


[[projects]]
  digest = "1:2b9da26861b9966da4a0af3ac1a36f375995133b9a273e33cd9a5e925168fb9c"
  name = "github.com/aws/aws-sdk-go"
  packages = [
    "aws",
    "aws/awserr",
    "aws/awsutil",
    "aws/client",
    "aws/client/metadata",
    "aws/corehandlers",
    "aws/credentials",
    "aws/credentials/ec2rolecreds",
    "aws/credentials/endpointcreds",
    "aws/credentials/processcreds",
    "aws/credentials/stscreds",
    "aws/csm",
    "aws/defaults",
    "aws/ec2metadata",
    "aws/endpoints",
    "aws/request",
    "aws/session",
    "aws/signer/v4",
    "internal/ini",
    "internal/s3err",
    "internal/sdkio",
    "internal/sdkmath",
    "internal/sdkrand",
    "internal/sdkuri",
    "internal/shareddefaults",
    "private/protocol",
    "private/protocol/eventstream",
    "private/protocol/eventstream/eventstreamapi",
    "private/protocol/json/jsonutil",
    "private/protocol/query",
    "private/protocol/query/queryutil",
    "private/protocol/rest",
    "private/protocol/restxml",
    "private/protocol/xml/xmlutil",
    "service/s3",
    "service/sts",
    "service/sts/stsiface",
  ]
  pruneopts = "UT"
  revision = "86666b1e15ce3072f0a5e22d7988d8d195c44611"
  version = "v1.24.2"

[[projects]]
  branch = "master"
  digest = "1:8c49405a3c3e7f7d0bb7fe73bfe5776a3f74562a8391cf7f20864e33d2996c34"
  name = "github.com/bramvdbogaerde/go-scp"
  packages = [
    ".",
    "auth",
  ]
  pruneopts = "UT"
  revision = "46baf5a320694caa496d6330bbcfc47c055efa69"

[[projects]]
  branch = "master"
  digest = "1:6c50203decf37072534fe5199a59e5c4ff52eeb80e1da5816339de5b95c807d6"
  name = "github.com/jasonlvhit/gocron"
  packages = ["."]
  pruneopts = "UT"
  revision = "7ef3bafdc25c3ba768c70cf058acc83bb1535ab2"

[[projects]]
  digest = "1:bb81097a5b62634f3e9fec1014657855610c82d19b9a40c17612e32651e35dca"
  name = "github.com/jmespath/go-jmespath"
  packages = ["."]
  pruneopts = "UT"
  revision = "c2b33e84"

[[projects]]
  digest = "1:1f4b55d7c57681ad91b7ce3ac7c8e7b139e6dd2f477c5f87e6a7749d298645dc"
  name = "github.com/joho/godotenv"
  packages = [
    ".",
    "autoload",
  ]
  pruneopts = "UT"
  revision = "23d116af351c84513e1946b527c88823e476be13"
  version = "v1.3.0"

[[projects]]
  branch = "master"
  digest = "1:bcf36f49e11748348c6b8173c3872544c6c2eb3ed76a62e2d94cde3ceab63417"
  name = "golang.org/x/crypto"
  packages = [
    "curve25519",
    "ed25519",
    "ed25519/internal/edwards25519",
    "internal/chacha20",
    "internal/subtle",
    "poly1305",
    "ssh",
    "ssh/knownhosts",
  ]
  pruneopts = "UT"
  revision = "227b76d455e791cb042b03e633e2f7fbcfdf74a5"

[[projects]]
  branch = "master"
  digest = "1:0b9eab718e36091a2b54afb645b0ef42658f544535ea3c7cbff03a9640415a77"
  name = "golang.org/x/sys"
  packages = ["cpu"]
  pruneopts = "UT"
  revision = "0c1ff786ef13daa914a3351c5e6b0321aed5960e"

[solve-meta]
  analyzer-name = "dep"
  analyzer-version = 1
  input-imports = [
    "github.com/aws/aws-sdk-go/aws",
    "github.com/aws/aws-sdk-go/aws/credentials",
    "github.com/aws/aws-sdk-go/aws/session",
    "github.com/aws/aws-sdk-go/service/s3",
    "github.com/bramvdbogaerde/go-scp",
    "github.com/bramvdbogaerde/go-scp/auth",
    "github.com/jasonlvhit/gocron",
    "github.com/joho/godotenv",
    "github.com/joho/godotenv/autoload",
    "golang.org/x/crypto/ssh/knownhosts",
  ]
  solver-name = "gps-cdcl"
  solver-version = 1
